
Microsoft Visual Studio Solution File, Format Version 12.00
# Visual Studio Version 17
VisualStudioVersion = 17.4.33103.184
MinimumVisualStudioVersion = 10.0.40219.1
Project("{FAE04EC0-301F-11D3-BF4B-00C04F79EFBC}") = "AzureTestMVC", "AzureTestMVC.csproj", "{51472CE2-578E-4A16-B4F9-F74B5D448451}"
EndProject
Global
	GlobalSection(SolutionConfigurationPlatforms) = preSolution
		Debug|Any CPU = Debug|Any CPU
		Release|Any CPU = Release|Any CPU
	EndGlobalSection
	GlobalSection(ProjectConfigurationPlatforms) = postSolution
		{51472CE2-578E-4A16-B4F9-F74B5D448451}.Debug|Any CPU.ActiveCfg = Debug|Any CPU
		{51472CE2-578E-4A16-B4F9-F74B5D448451}.Debug|Any CPU.Build.0 = Debug|Any CPU
		{51472CE2-578E-4A16-B4F9-F74B5D448451}.Release|Any CPU.ActiveCfg = Release|Any CPU
		{51472CE2-578E-4A16-B4F9-F74B5D448451}.Release|Any CPU.Build.0 = Release|Any CPU
	EndGlobalSection
	GlobalSection(SolutionProperties) = preSolution
		HideSolutionNode = FALSE
	EndGlobalSection
	GlobalSection(ExtensibilityGlobals) = postSolution
		SolutionGuid = {625C1B27-8C3E-479B-B9CB-669D2DDD0C0A}
	EndGlobalSection
EndGlobal
